<?xml version="1.0" encoding="utf-8"?>
<Project ToolsVersion="4.0" xmlns="http://schemas.microsoft.com/developer/msbuild/2003">
  <ItemGroup>
    <Filter Include="Source Files">
      <UniqueIdentifier>{4FC737F1-C7A5-4376-A066-2A32D752A2FF}</UniqueIdentifier>
      <Extensions>cpp;c;cc;cxx;c++;cppm;ixx;def;odl;idl;hpj;bat;asm;asmx</Extensions>
    </Filter>
    <Filter Include="Header Files">
      <UniqueIdentifier>{93995380-89BD-4b04-88EB-625FBE52EBFB}</UniqueIdentifier>
      <Extensions>h;hh;hpp;hxx;h++;hm;inl;inc;ipp;xsd</Extensions>
    </Filter>
    <Filter Include="Resource Files">
      <UniqueIdentifier>{67DA6AB6-F800-4c08-8B7A-83BB121AAD01}</UniqueIdentifier>
      <Extensions>rc;ico;cur;bmp;dlg;rc2;rct;bin;rgs;gif;jpg;jpeg;jpe;resx;tiff;tif;png;wav;mfcribbon-ms</Extensions>
    </Filter>
    <Filter Include="Header Files\level">
      <UniqueIdentifier>{66af6195-3766-44e8-901b-d2de12fc7276}</UniqueIdentifier>
    </Filter>
    <Filter Include="Header Files\object">
      <UniqueIdentifier>{def00735-2b12-4ddc-92e0-3433aa1a4cf9}</UniqueIdentifier>
    </Filter>
    <Filter Include="Header Files\obstacle">
      <UniqueIdentifier>{c5debdc4-8cd4-4462-8d0d-9d83893f04d9}</UniqueIdentifier>
    </Filter>
    <Filter Include="Header Files\utility">
      <UniqueIdentifier>{abbd8762-d942-413c-82fc-545fd116fce0}</UniqueIdentifier>
    </Filter>
    <Filter Include="Header Files\view">
      <UniqueIdentifier>{073f3553-f41c-4ad9-8324-c6384dcc77bc}</UniqueIdentifier>
    </Filter>
    <Filter Include="Source Files\views">
      <UniqueIdentifier>{31d6cddd-db49-48ba-9c38-224d8c454e6f}</UniqueIdentifier>
    </Filter>
    <Filter Include="Source Files\objects">
      <UniqueIdentifier>{f8ec3600-35b0-4cf4-88aa-0c57fe32b781}</UniqueIdentifier>
    </Filter>
    <Filter Include="Header Files\scene">
      <UniqueIdentifier>{3f05c991-02c8-4d06-a017-6e57cc90ce14}</UniqueIdentifier>
    </Filter>
    <Filter Include="Source Files\input">
      <UniqueIdentifier>{2f96639e-d0a9-4ca9-8354-09ff982a0a6c}</UniqueIdentifier>
    </Filter>
    <Filter Include="Header Files\command">
      <UniqueIdentifier>{3cfc2d20-998b-481f-bef4-fa56f5f279ff}</UniqueIdentifier>
    </Filter>
    <Filter Include="Resource Files\textures">
      <UniqueIdentifier>{0bc146d2-4ecd-40a8-9f5b-e3f702cd2813}</UniqueIdentifier>
    </Filter>
    <Filter Include="Header Files\object\item">
      <UniqueIdentifier>{6857737d-bcb2-40b0-b155-83bf4f222b82}</UniqueIdentifier>
    </Filter>
    <Filter Include="Header Files\object\entity">
      <UniqueIdentifier>{6fd0d7f2-832e-411a-9f91-b2d2e74791c1}</UniqueIdentifier>
    </Filter>
    <Filter Include="Header Files\texture">
      <UniqueIdentifier>{0c2ef8b8-f6a6-4c3a-bb3e-8bce81c795ac}</UniqueIdentifier>
    </Filter>
    <Filter Include="Header Files\shape">
      <UniqueIdentifier>{1503d1a2-0db3-4832-9d52-a251d5eb33f5}</UniqueIdentifier>
    </Filter>
    <Filter Include="Source Files\shapes">
      <UniqueIdentifier>{55d6b486-5e3d-4e84-b0f9-45c9944b10fe}</UniqueIdentifier>
    </Filter>
    <Filter Include="Source Files\utilities">
      <UniqueIdentifier>{f2238152-46df-406a-899d-2448e5dadad9}</UniqueIdentifier>
    </Filter>
    <Filter Include="Source Files\texture">
      <UniqueIdentifier>{159cbe5e-5e23-45c0-9b81-058c9ae02f0a}</UniqueIdentifier>
    </Filter>
  </ItemGroup>
  <ItemGroup>
    <ClInclude Include="include\config.h">
      <Filter>Header Files</Filter>
    </ClInclude>
    <ClInclude Include="include\managers\game_manager.h">
      <Filter>Header Files</Filter>
    </ClInclude>
    <ClInclude Include="include\init.h">
      <Filter>Header Files</Filter>
    </ClInclude>
    <ClInclude Include="include\renderer.h">
      <Filter>Header Files</Filter>
    </ClInclude>
    <ClInclude Include="include\object\object.h">
      <Filter>Header Files\object</Filter>
    </ClInclude>
    <ClInclude Include="include\utility\functions.h">
      <Filter>Header Files\utility</Filter>
    </ClInclude>
    <ClInclude Include="include\utility\pointer_wrappers.h">
      <Filter>Header Files\utility</Filter>
    </ClInclude>
    <ClInclude Include="include\view\camera.h">
      <Filter>Header Files\view</Filter>
    </ClInclude>
    <ClInclude Include="include\view\hud.h">
      <Filter>Header Files\view</Filter>
    </ClInclude>
    <ClInclude Include="include\view\view.h">
      <Filter>Header Files\view</Filter>
    </ClInclude>
    <ClInclude Include="include\view\views.h">
      <Filter>Header Files\view</Filter>
    </ClInclude>
    <ClInclude Include="include\managers\command_manager.h">
      <Filter>Header Files</Filter>
    </ClInclude>
    <ClInclude Include="include\input_handler.h">
      <Filter>Header Files</Filter>
    </ClInclude>
    <ClInclude Include="include\command\command.h">
      <Filter>Header Files\command</Filter>
    </ClInclude>
    <ClInclude Include="include\object\button.h">
      <Filter>Header Files\object</Filter>
    </ClInclude>
    <ClInclude Include="include\object\item\item.h">
      <Filter>Header Files\object\item</Filter>
    </ClInclude>
    <ClInclude Include="include\texture\texture_handler.h">
      <Filter>Header Files\texture</Filter>
    </ClInclude>
    <ClInclude Include="include\object\player.h">
      <Filter>Header Files\object\entity</Filter>
    </ClInclude>
    <ClInclude Include="include\geometry\shapes.h">
      <Filter>Header Files\shape</Filter>
    </ClInclude>
    <ClInclude Include="include\utility\vector2d.h">
      <Filter>Header Files\utility</Filter>
    </ClInclude>
    <ClInclude Include="include\shape\shape.h">
      <Filter>Header Files</Filter>
    </ClInclude>
    <ClInclude Include="include\shape\circle.h">
      <Filter>Header Files</Filter>
    </ClInclude>
    <ClInclude Include="include\shape\line.h">
      <Filter>Header Files</Filter>
    </ClInclude>
    <ClInclude Include="include\shape\rect.h">
      <Filter>Header Files</Filter>
    </ClInclude>
    <ClInclude Include="include\shape\shapes.h">
      <Filter>Header Files</Filter>
    </ClInclude>
    <ClInclude Include="include\managers\selection_manager.h">
      <Filter>Header Files</Filter>
    </ClInclude>
    <ClInclude Include="include\utility\utility.h">
      <Filter>Header Files</Filter>
    </ClInclude>
    <ClInclude Include="include\render_object_base.h">
      <Filter>Header Files</Filter>
    </ClInclude>
    <ClInclude Include="include\object\bullet.h">
      <Filter>Header Files</Filter>
    </ClInclude>
    <ClInclude Include="src\commands.hpp">
      <Filter>Source Files</Filter>
    </ClInclude>
    <ClInclude Include="include\utility\polygon.h">
      <Filter>Header Files</Filter>
    </ClInclude>
  </ItemGroup>
  <ItemGroup>
    <ClCompile Include="src\main.cpp">
      <Filter>Source Files</Filter>
    </ClCompile>
    <ClCompile Include="src\renderer.cpp">
      <Filter>Source Files</Filter>
    </ClCompile>
    <ClCompile Include="src\texture_handler.cpp">
      <Filter>Source Files</Filter>
    </ClCompile>
    <ClCompile Include="src\views\camera.cpp">
      <Filter>Source Files\views</Filter>
    </ClCompile>
    <ClCompile Include="src\views\hud.cpp">
      <Filter>Source Files\views</Filter>
    </ClCompile>
    <ClCompile Include="src\objects\object.cpp">
      <Filter>Source Files\objects</Filter>
    </ClCompile>
    <ClCompile Include="src\input_handler.cpp">
      <Filter>Source Files\input</Filter>
    </ClCompile>
    <ClCompile Include="src\managers\command_manager.cpp">
      <Filter>Source Files</Filter>
    </ClCompile>
    <ClCompile Include="src\utilities\vector2d.cpp">
      <Filter>Source Files\utilities</Filter>
    </ClCompile>
    <ClCompile Include="src\objects\button.cpp">
      <Filter>Source Files\objects</Filter>
    </ClCompile>
    <ClCompile Include="src\shapes\circle.cpp">
      <Filter>Source Files</Filter>
    </ClCompile>
    <ClCompile Include="src\shapes\line.cpp">
      <Filter>Source Files</Filter>
    </ClCompile>
    <ClCompile Include="src\shapes\shape.cpp">
      <Filter>Source Files</Filter>
    </ClCompile>
    <ClCompile Include="src\utilities\utility.cpp">
      <Filter>Source Files</Filter>
    </ClCompile>
    <ClCompile Include="src\render_object_base.cpp">
      <Filter>Source Files</Filter>
    </ClCompile>
    <ClCompile Include="src\objects\bullet.cpp">
      <Filter>Source Files</Filter>
    </ClCompile>
    <ClCompile Include="include\managers\tick_manager.h">
      <Filter>Source Files</Filter>
    </ClCompile>
    <ClCompile Include="src\managers\tick_manager.cpp">
      <Filter>Source Files</Filter>
    </ClCompile>
    <ClCompile Include="src\initialization\init.cpp">
      <Filter>Source Files</Filter>
    </ClCompile>
    <ClCompile Include="include\utility\k_list.hpp">
      <Filter>Header Files</Filter>
    </ClCompile>
    <ClCompile Include="src\utilities\polygon.cpp">
      <Filter>Source Files</Filter>
    </ClCompile>
  </ItemGroup>
  <ItemGroup>
    <Image Include="resources\textures\arrow.bmp">
      <Filter>Resource Files\textures</Filter>
    </Image>
    <Image Include="resources\textures\player.bmp">
      <Filter>Resource Files\textures</Filter>
    </Image>
    <Image Include="resources\textures\wall.bmp">
      <Filter>Resource Files\textures</Filter>
    </Image>
    <Image Include="resources\textures\button-idle.bmp">
      <Filter>Resource Files\textures</Filter>
    </Image>
    <Image Include="resources\textures\button-1.bmp">
      <Filter>Resource Files</Filter>
    </Image>
  </ItemGroup>
  <ItemGroup>
    <None Include="ClassDiagram.cd" />
    <None Include="resources\rooms\small_room.lvl" />
    <None Include="src\utilities\selection_manager.hpp" />
  </ItemGroup>
</Project>