<?xml version="1.0" encoding="utf-8"?>
<Project ToolsVersion="4.0" xmlns="http://schemas.microsoft.com/developer/msbuild/2003">
  <ItemGroup>
    <Filter Include="Source Files">
      <UniqueIdentifier>{4FC737F1-C7A5-4376-A066-2A32D752A2FF}</UniqueIdentifier>
      <Extensions>cpp;c;cc;cxx;c++;cppm;ixx;def;odl;idl;hpj;bat;asm;asmx</Extensions>
    </Filter>
    <Filter Include="Header Files">
      <UniqueIdentifier>{93995380-89BD-4b04-88EB-625FBE52EBFB}</UniqueIdentifier>
      <Extensions>h;hh;hpp;hxx;h++;hm;inl;inc;ipp;xsd</Extensions>
    </Filter>
    <Filter Include="Resource Files">
      <UniqueIdentifier>{67DA6AB6-F800-4c08-8B7A-83BB121AAD01}</UniqueIdentifier>
      <Extensions>rc;ico;cur;bmp;dlg;rc2;rct;bin;rgs;gif;jpg;jpeg;jpe;resx;tiff;tif;png;wav;mfcribbon-ms</Extensions>
    </Filter>
    <Filter Include="Header Files\entity">
      <UniqueIdentifier>{39008ec9-394d-40ce-82c8-2f58868638c9}</UniqueIdentifier>
    </Filter>
    <Filter Include="Header Files\geometry">
      <UniqueIdentifier>{1503d1a2-0db3-4832-9d52-a251d5eb33f5}</UniqueIdentifier>
    </Filter>
    <Filter Include="Header Files\input">
      <UniqueIdentifier>{3cfc2d20-998b-481f-bef4-fa56f5f279ff}</UniqueIdentifier>
    </Filter>
    <Filter Include="Header Files\item">
      <UniqueIdentifier>{5435b957-c05d-48a5-9c75-86211cbd45d1}</UniqueIdentifier>
    </Filter>
    <Filter Include="Header Files\level">
      <UniqueIdentifier>{66af6195-3766-44e8-901b-d2de12fc7276}</UniqueIdentifier>
    </Filter>
    <Filter Include="Header Files\object">
      <UniqueIdentifier>{def00735-2b12-4ddc-92e0-3433aa1a4cf9}</UniqueIdentifier>
    </Filter>
    <Filter Include="Header Files\obstacle">
      <UniqueIdentifier>{c5debdc4-8cd4-4462-8d0d-9d83893f04d9}</UniqueIdentifier>
    </Filter>
    <Filter Include="Header Files\utility">
      <UniqueIdentifier>{abbd8762-d942-413c-82fc-545fd116fce0}</UniqueIdentifier>
    </Filter>
    <Filter Include="Header Files\view">
      <UniqueIdentifier>{073f3553-f41c-4ad9-8324-c6384dcc77bc}</UniqueIdentifier>
    </Filter>
    <Filter Include="Source Files\views">
      <UniqueIdentifier>{31d6cddd-db49-48ba-9c38-224d8c454e6f}</UniqueIdentifier>
    </Filter>
    <Filter Include="Source Files\objects">
      <UniqueIdentifier>{f8ec3600-35b0-4cf4-88aa-0c57fe32b781}</UniqueIdentifier>
    </Filter>
    <Filter Include="Source Files\geometry">
      <UniqueIdentifier>{55d6b486-5e3d-4e84-b0f9-45c9944b10fe}</UniqueIdentifier>
    </Filter>
  </ItemGroup>
  <ItemGroup>
    <ClInclude Include="include\config.h">
      <Filter>Header Files</Filter>
    </ClInclude>
    <ClInclude Include="include\game.h">
      <Filter>Header Files</Filter>
    </ClInclude>
    <ClInclude Include="include\init.h">
      <Filter>Header Files</Filter>
    </ClInclude>
    <ClInclude Include="include\renderer.h">
      <Filter>Header Files</Filter>
    </ClInclude>
    <ClInclude Include="include\texture_handler.h">
      <Filter>Header Files</Filter>
    </ClInclude>
    <ClInclude Include="include\entity\entity.h">
      <Filter>Header Files\entity</Filter>
    </ClInclude>
    <ClInclude Include="include\entity\enemy.h">
      <Filter>Header Files\entity</Filter>
    </ClInclude>
    <ClInclude Include="include\entity\player.h">
      <Filter>Header Files\entity</Filter>
    </ClInclude>
    <ClInclude Include="include\geometry\line.h">
      <Filter>Header Files\geometry</Filter>
    </ClInclude>
    <ClInclude Include="include\geometry\vector2d.h">
      <Filter>Header Files\geometry</Filter>
    </ClInclude>
    <ClInclude Include="include\item\item.h">
      <Filter>Header Files\item</Filter>
    </ClInclude>
    <ClInclude Include="include\input\command.h">
      <Filter>Header Files\input</Filter>
    </ClInclude>
    <ClInclude Include="include\input\input_handler.h">
      <Filter>Header Files\input</Filter>
    </ClInclude>
    <ClInclude Include="include\level\level.h">
      <Filter>Header Files\level</Filter>
    </ClInclude>
    <ClInclude Include="include\level\room.h">
      <Filter>Header Files\level</Filter>
    </ClInclude>
    <ClInclude Include="include\object\object.h">
      <Filter>Header Files\object</Filter>
    </ClInclude>
    <ClInclude Include="include\obstacle\obstacle.h">
      <Filter>Header Files\obstacle</Filter>
    </ClInclude>
    <ClInclude Include="include\obstacle\obstacles.h">
      <Filter>Header Files\obstacle</Filter>
    </ClInclude>
    <ClInclude Include="include\utility\functions.h">
      <Filter>Header Files\utility</Filter>
    </ClInclude>
    <ClInclude Include="include\utility\pointer_wrappers.h">
      <Filter>Header Files\utility</Filter>
    </ClInclude>
    <ClInclude Include="include\view\camera.h">
      <Filter>Header Files\view</Filter>
    </ClInclude>
    <ClInclude Include="include\view\hud.h">
      <Filter>Header Files\view</Filter>
    </ClInclude>
    <ClInclude Include="include\view\view.h">
      <Filter>Header Files\view</Filter>
    </ClInclude>
    <ClInclude Include="include\view\views.h">
      <Filter>Header Files\view</Filter>
    </ClInclude>
  </ItemGroup>
  <ItemGroup>
    <ClCompile Include="src\init.cpp">
      <Filter>Source Files</Filter>
    </ClCompile>
    <ClCompile Include="src\main.cpp">
      <Filter>Source Files</Filter>
    </ClCompile>
    <ClCompile Include="src\renderer.cpp">
      <Filter>Source Files</Filter>
    </ClCompile>
    <ClCompile Include="src\texture_handler.cpp">
      <Filter>Source Files</Filter>
    </ClCompile>
    <ClCompile Include="src\views\camera.cpp">
      <Filter>Source Files\views</Filter>
    </ClCompile>
    <ClCompile Include="src\views\hud.cpp">
      <Filter>Source Files\views</Filter>
    </ClCompile>
    <ClCompile Include="src\objects\object.cpp">
      <Filter>Source Files\objects</Filter>
    </ClCompile>
    <ClCompile Include="src\geometry\line.cpp">
      <Filter>Source Files\geometry</Filter>
    </ClCompile>
    <ClCompile Include="src\geometry\vector2d.cpp">
      <Filter>Source Files\geometry</Filter>
    </ClCompile>
  </ItemGroup>
</Project>